
Microsoft Visual Studio Solution File, Format Version 12.00
# Visual Studio Version 17
VisualStudioVersion = 17.14.36109.1 d17.14
MinimumVisualStudioVersion = 10.0.40219.1
Project("{FAE04EC0-301F-11D3-BF4B-00C04F79EFBC}") = "CookingPal", "CookingPal\CookingPal.csproj", "{E7E8C3F5-908C-46A1-BA1F-BA48AB50880A}"
EndProject
Global
	GlobalSection(SolutionConfigurationPlatforms) = preSolution
		Debug|Any CPU = Debug|Any CPU
		Release|Any CPU = Release|Any CPU
	EndGlobalSection
	GlobalSection(ProjectConfigurationPlatforms) = postSolution
		{E7E8C3F5-908C-46A1-BA1F-BA48AB50880A}.Debug|Any CPU.ActiveCfg = Debug|Any CPU
		{E7E8C3F5-908C-46A1-BA1F-BA48AB50880A}.Debug|Any CPU.Build.0 = Debug|Any CPU
		{E7E8C3F5-908C-46A1-BA1F-BA48AB50880A}.Debug|Any CPU.Deploy.0 = Debug|Any CPU
		{E7E8C3F5-908C-46A1-BA1F-BA48AB50880A}.Release|Any CPU.ActiveCfg = Release|Any CPU
		{E7E8C3F5-908C-46A1-BA1F-BA48AB50880A}.Release|Any CPU.Build.0 = Release|Any CPU
		{E7E8C3F5-908C-46A1-BA1F-BA48AB50880A}.Release|Any CPU.Deploy.0 = Release|Any CPU
	EndGlobalSection
	GlobalSection(SolutionProperties) = preSolution
		HideSolutionNode = FALSE
	EndGlobalSection
	GlobalSection(ExtensibilityGlobals) = postSolution
		SolutionGuid = {49F41CAC-4910-48C5-85DE-6BD763CAB660}
	EndGlobalSection
EndGlobal
